PODS:
  - Alamofire (4.4.0)
  - Moya/Core (8.0.4):
    - Alamofire (~> 4.1)
    - Result (~> 3.0)
  - Moya/RxSwift (8.0.4):
    - Moya/Core
    - RxSwift (~> 3.0)
  - Result (3.2.2)
  - RxSwift (3.4.1)
  - SwiftyJSON (3.1.4)

DEPENDENCIES:
  - Moya/RxSwift (~> 8.0.4)
  - SwiftyJSON (~> 3.1.4)

SPEC CHECKSUMS:
  Alamofire: dc44b1600b800eb63da6a19039a0083d62a6a62d
  Moya: a08bc060c7a44eee27447b239ed33a189b641e2b
  Result: 4edd39003fdccf281d418ee1b006571f70123250
  RxSwift: 656f8fbeca5bc372121a72d9ebdd3cd3bc0ffade
  SwiftyJSON: c2842d878f95482ffceec5709abc3d05680c0220

PODFILE CHECKSUM: be85830d1c96f187b60a304297827025c90161c2

COCOAPODS: 1.2.1
